
Microsoft Visual Studio Solution File, Format Version 12.00
# Visual Studio 15
VisualStudioVersion = 15.0.27703.2035
MinimumVisualStudioVersion = 10.0.40219.1
Project("{FAE04EC0-301F-11D3-BF4B-00C04F79EFBC}") = "ScenariosExplorer", "ScenariosExplorer\ScenariosExplorer.csproj", "{949AE8E3-81B4-4AEC-84C0-B021A8D31957}"
EndProject
Global
	GlobalSection(SolutionConfigurationPlatforms) = preSolution
		Debug|Any CPU = Debug|Any CPU
		Release|Any CPU = Release|Any CPU
	EndGlobalSection
	GlobalSection(ProjectConfigurationPlatforms) = postSolution
		{949AE8E3-81B4-4AEC-84C0-B021A8D31957}.Debug|Any CPU.ActiveCfg = Debug|Any CPU
		{949AE8E3-81B4-4AEC-84C0-B021A8D31957}.Debug|Any CPU.Build.0 = Debug|Any CPU
		{949AE8E3-81B4-4AEC-84C0-B021A8D31957}.Release|Any CPU.ActiveCfg = Release|Any CPU
		{949AE8E3-81B4-4AEC-84C0-B021A8D31957}.Release|Any CPU.Build.0 = Release|Any CPU
	EndGlobalSection
	GlobalSection(SolutionProperties) = preSolution
		HideSolutionNode = FALSE
	EndGlobalSection
	GlobalSection(ExtensibilityGlobals) = postSolution
		SolutionGuid = {6203EDFF-417C-42FB-8CD9-918542D3D643}
	EndGlobalSection
EndGlobal
